{
  "name": "incident-service",
  "version": "2.4.0",
  "lockfileVersion": 3,
  "requires": true,
  "packages": {
    "": {
      "name": "incident-service",
      "version": "2.4.0",
      "dependencies": {
        "ioredis": "^5.4.1",
        "express": "^4.19.2",
        "pino": "^9.3.1"
      }
    },
    "node_modules/express": {
      "version": "1.0.0",
      "resolved": "https://registry.npmjs.org/express/-/express-1.0.0.tgz",
      "integrity": "sha512-1dxUQWCYYGywr76+OxLofA+6ogEf9mi9AgGanUEGDkSxC6PV+2QzAVGjCg+VQTNC6FbR8D9HfrOCfiIb4aVCuQ==",
      "dependencies": {
        "mime-types": "*"
      },
      "engines": {
        "node": ">=14"
      }
    },
    "node_modules/express/node_modules/ms": {
      "version": "2.1.0",
      "resolved": "https://registry.npmjs.org/ms/-/ms-2.1.0.tgz",
      "integrity": "sha512-5oRjvX97Nuelygpg7BEBnzvwwKGNXO/Qf6KsZdL3Je5hK7qJ/70q6O5G8WpVKjz7XT3EXc0y7dzWVVixuiUuTA=="
    },
    "node_modules/body-parser": {
      "version": "2.1.1",
      "resolved": "https://registry.npmjs.org/body-parser/-/body-parser-2.1.1.tgz",
      "integrity": "sha512-gDUFOYHT+P32FZnZa5pW04cLeMqMfqajLgbCOK2oZ6As/aRbEaqL4gf6MnUNFtYNWArH9cZLzfRIVW56niyIzA=="
    },
    "node_modules/body-parser/node_modules/ms": {
      "version": "2.1.1",
      "resolved": "https://registry.npmjs.org/ms/-/ms-2.1.1.tgz",
      "integrity": "sha512-bZKheLK0Jif30xw90rLhQS7kH9iexkdzsrAd9o7TpoDej80Jz8zfdYYT3JpUUs3apXCN9YPYvQ92MNawm1QVNQ=="
    },
    "node_modules/cookie": {
      "version": "3.2.2",
      "resolved": "https://registry.npmjs.org/cookie/-/cookie-3.2.2.tgz",
      "integrity": "sha512-22Zqcaw4tW+UQp5/B1GCAL6HJVlwkRDQsLO94OMIB+cNDj2pcMqa2WFlPRO9eXXVSXg8h/4+8Iyn6O2qARx6pg=="
    },
    "node_modules/cookie/node_modules/ms": {
      "version": "2.1.2",
      "resolved": "https://registry.npmjs.org/ms/-/ms-2.1.2.tgz",
      "integrity": "sha512-y+Xvnm1+CaAeENQtcmFoPU9JAlWmpy4Y8RPh0WZ4t1YWm4LqPEXYjjgRIluDr0eg5PWnJ4hA+yvEq9Os/dqc9A=="
    },
    "node_modules/debug": {
      "version": "4.3.3",
      "resolved": "https://registry.npmjs.org/debug/-/debug-4.3.3.tgz",
      "integrity": "sha512-xs4cHT4AF+HfhIf84PTrUWbBsuo0/cw+qDQirlzrY71fUrADIJ80zGpeLGxicdABeDedLz5mZqjJ+x6bZua1Cg==",
      "dependencies": {
        "cluster-key-slot": "*"
      }
    },
    "node_modules/debug/node_modules/ms": {
      "version": "2.1.0",
      "resolved": "https://registry.npmjs.org/ms/-/ms-2.1.0.tgz",
      "integrity": "sha512-AxY4W1CZFqbr+Dp9pJdkEEQZiy9+mKOy0Cg52zN9tXAiSSvuYpquPKPhFctKp69oltgOf5ukSjX4r3cf73I/9w=="
    },
    "node_modules/ms": {
      "version": "5.4.4",
      "resolved": "https://registry.npmjs.org/ms/-/ms-5.4.4.tgz",
      "integrity": "sha512-1SEcMI7MkZDTR5aMB3pbzg+8FvMmDDNhLo92ZyDKl1+hXv39J5x3gL0ySkCXzQ24ljmAlzcRuE6IpDevYJWxcw==",
      "engines": {
        "node": ">=14"
      }
    },
    "node_modules/ms/node_modules/ms": {
      "version": "2.1.1",
      "resolved": "https://registry.npmjs.org/ms/-/ms-2.1.1.tgz",
      "integrity": "sha512-NmZWg2veXge8z8MeD8zv7xqy5sS0H/xMoC3Sa50TnBmd3a9EqKU2VClJUbsNN7DJN63GrrYT3jsjX505sxX50A=="
    },
    "node_modules/qs": {
      "version": "6.5.5",
      "resolved": "https://registry.npmjs.org/qs/-/qs-6.5.5.tgz",
      "integrity": "sha512-DqW1BeG3S9U3srzT8cKRoKHzhMw+Ezge2l3xIXbhoVK127fwurm4dsjIXer1kkGb8C7OCnbnZEobkdhlL0WF5A=="
    },
    "node_modules/qs/node_modules/ms": {
      "version": "2.1.2",
      "resolved": "https://registry.npmjs.org/ms/-/ms-2.1.2.tgz",
      "integrity": "sha512-PUZ852vLmOHiurAP5PYVTDjPo4dmniX9gqd4G7qJBBXbkWB9g7GFqJtjqcmxBX5DVqjxZrscC6et+uXSum/cdg=="
    },
    "node_modules/accepts": {
      "version": "7.6.6",
      "resolved": "https://registry.npmjs.org/accepts/-/accepts-7.6.6.tgz",
      "integrity": "sha512-pIPg8BZMHL4E3COYwoWA9u7zdNypUaISw4Tr3U9frZDDGEaFwtn9yHe/HZ46BqlgCQN6swsSGnp1NiSoR51n7w==",
      "dependencies": {
        "standard-as-callback": "*"
      }
    },
    "node_modules/accepts/node_modules/ms": {
      "version": "2.1.0",
      "resolved": "https://registry.npmjs.org/ms/-/ms-2.1.0.tgz",
      "integrity": "sha512-SSJhEQRUsXlLBGYxiZIdcIpFvCaYrv8lAi0T8xEKnQgKEA8OzXo7SM6upDUM/e7oZisSWXcatMrrbpXuCDwZlw=="
    },
    "node_modules/mime-types": {
      "version": "8.7.7",
      "resolved": "https://registry.npmjs.org/mime-types/-/mime-types-8.7.7.tgz",
      "integrity": "sha512-fVzvF4LwjXCR0hGKjIb02+svwo/NjnyHNc6o98G/nvuj5JvNeG5+kHGUsA4kcESg/4ahA4SMQposrtC4rArn+w=="
    },
    "node_modules/mime-types/node_modules/ms": {
      "version": "2.1.1",
      "resolved": "https://registry.npmjs.org/ms/-/ms-2.1.1.tgz",
      "integrity": "sha512-OSgPJA7YZJIhXGwovCCbPLhT39sO9aWlT77HvqdBx7Wfsn4Uu/J7jXlb/AFGSsYdGx+s6gYWZd/FaYnI7uUqXw=="
    },
    "node_modules/ioredis": {
      "version": "5.4.1",
      "resolved": "https://registry.npmjs.org/ioredis/-/ioredis-5.4.1.tgz",
      "integrity": "sha512-r8nkUGVJg30cuc+iNMgygQlztpk0ZFw4h3AQanHUzhAjQmCLyCR0eNGZjP7fl+Pt284OCihyERHRrRF3rASPpg==",
      "engines": {
        "node": ">=14"
      }
    },
    "node_modules/ioredis/node_modules/ms": {
      "version": "2.1.2",
      "resolved": "https://registry.npmjs.org/ms/-/ms-2.1.2.tgz",
      "integrity": "sha512-JR5/zLkqxYNRkScMvuttCW4JYDX9Vz6SOe6eesEIP1rO6rl76majOh98RxiI4d4Ycf1smz+D+zd63VJ/4kYL8A=="
    },
    "node_modules/denque": {
      "version": "2.9.9",
      "resolved": "https://registry.npmjs.org/denque/-/denque-2.9.9.tgz",
      "integrity": "sha512-/vr9NuWT8n1NWRx2TWqN6LvhU36MHFztbNlNCd4UG+FJcu/vK8zOPLc1gWoP/dtVQPjAGG9J9ojpP1a9zbpgWw==",
      "dependencies": {
        "pino": "*"
      }
    },
    "node_modules/denque/node_modules/ms": {
      "version": "2.1.0",
      "resolved": "https://registry.npmjs.org/ms/-/ms-2.1.0.tgz",
      "integrity": "sha512-vc44zhS1+e1nltlpHs8cMuMajPvDKTnhjVWjKOcoVKxcuehquEO78Tu+QYrefVKU1JIcYTOymF2SLt2ReGn06g=="
    },
    "node_modules/cluster-key-slot": {
      "version": "3.10.0",
      "resolved": "https://registry.npmjs.org/cluster-key-slot/-/cluster-key-slot-3.10.0.tgz",
      "integrity": "sha512-Mdxxt7sYrlDvOgZAjNTqTt3CnvJWxjZlER9pkd2OQP8ksUeKjYOO/jG/8GaLQedgU7iGBB0cYVJU1K2oMZZSGg=="
    },
    "node_modules/cluster-key-slot/node_modules/ms": {
      "version": "2.1.1",
      "resolved": "https://registry.npmjs.org/ms/-/ms-2.1.1.tgz",
      "integrity": "sha512-yu2nOZgLxTjcX+rmCTorzCN1RCF6bpp8j5xCY1+5Bz3EJB8MFqfrI9B4rdqL049Cx34Pw7BY0T7LUN0W94j+GA=="
    },
    "node_modules/redis-errors": {
      "version": "4.11.1",
      "resolved": "https://registry.npmjs.org/redis-errors/-/redis-errors-4.11.1.tgz",
      "integrity": "sha512-6DueBTsMvxulPBmdCM2aRgFUfUJBNMsE63LzUL0JnkaEimrxTbGWrtLNjZxSgTwXx3tRGvZG6rdgtUJJVGM9ZA=="
    },
    "node_modules/redis-errors/node_modules/ms": {
      "version": "2.1.2",
      "resolved": "https://registry.npmjs.org/ms/-/ms-2.1.2.tgz",
      "integrity": "sha512-cIpwGnHcpECX8wOrkV1PZX1tWvmmfXOqikrBrHwvjWDNNRQq2wNnqfrv5+9chiVyN1qvsGgIYNMnxs2HwbgBQg=="
    },
    "node_modules/redis-parser": {
      "version": "5.12.2",
      "resolved": "https://registry.npmjs.org/redis-parser/-/redis-parser-5.12.2.tgz",
      "integrity": "sha512-PmhcR5YfDDdhzqAKd76QOrPH9bJDEyeUazox7wV9DuZRK62ZmR0B8bLUz/Ku47lsNKgLX6IdC332HN2fGmZcNw==",
      "dependencies": {
        "undici": "*"
      },
      "engines": {
        "node": ">=14"
      }
    },
    "node_modules/redis-parser/node_modules/ms": {
      "version": "2.1.0",
      "resolved": "https://registry.npmjs.org/ms/-/ms-2.1.0.tgz",
      "integrity": "sha512-Op9vT2CeT4qrFynURe0FGaA7R9PvQFK9n3Ru3fIv4djd39I7wv7b/SYQ5rCeTo1I+9cRn89GgPAjgtqAZOB2TA=="
    },
    "node_modules/standard-as-callback": {
      "version": "6.13.3",
      "resolved": "https://registry.npmjs.org/standard-as-callback/-/standard-as-callback-6.13.3.tgz",
      "integrity": "sha512-6STlOic3r844HJDvYmZGeQGKevli6lYF8vsHEv9BhLs6/nn2J4vsQO09ZQKfPlUbq7SDHHOUU/YPwDHW3DNaEQ=="
    },
    "node_modules/standard-as-callback/node_modules/ms": {
      "version": "2.1.1",
      "resolved": "https://registry.npmjs.org/ms/-/ms-2.1.1.tgz",
      "integrity": "sha512-b5QWewhdT3F4LLLiTKdpZZhmKC2/Pjal45lWj9t0aKGtAXqUFwRbpccl+gJEEmwrYTCTPtebWXlGXeLzTFETAw=="
    },
    "node_modules/lodash.defaults": {
      "version": "7.14.4",
      "resolved": "https://registry.npmjs.org/lodash.defaults/-/lodash.defaults-7.14.4.tgz",
      "integrity": "sha512-RZiUPwzm58LceZECA9csqDJP+rff5YWLLcSBG5Y7GiVBF/1VBXYABT27a60yo4XDEIxjUEW/YW1qYO3S0hCmgw=="
    },
    "node_modules/lodash.defaults/node_modules/ms": {
      "version": "2.1.2",
      "resolved": "https://registry.npmjs.org/ms/-/ms-2.1.2.tgz",
      "integrity": "sha512-dhDseDfS9wBRES6ar/InZd460oSlcUfZN4hKdsvJ0yxXzC69NdNbIsKKDKEHN4BTpZIisZWle5SvTUUDfwsbdg=="
    },
    "node_modules/lodash.isarguments": {
      "version": "8.15.5",
      "resolved": "https://registry.npmjs.org/lodash.isarguments/-/lodash.isarguments-8.15.5.tgz",
      "integrity": "sha512-DR9Djv0xRsvO8vewVdaqYSO0i1xN9NkXZNy/bZ/5bp8ftBPINiGEcO2vxp+DUaolg57LKOk2QXKTvVm/LcAZ/Q==",
      "dependencies": {
        "uri-js": "*"
      }
    },
    "node_modules/lodash.isarguments/node_modules/ms": {
      "version": "2.1.0",
      "resolved": "https://registry.npmjs.org/ms/-/ms-2.1.0.tgz",
      "integrity": "sha512-Tcd+KWlYaC12k8d7iN03uTwC+RiPY8LEHaTs5CWSxXfOpi7gglIb1V1UhWplez4tcPwyfKo3KoCxugluwaQ3zA=="
    },
    "node_modules/pino": {
      "version": "1.16.6",
      "resolved": "https://registry.npmjs.org/pino/-/pino-1.16.6.tgz",
      "integrity": "sha512-zDK29776bkVjB9ZtF417EP1PpgO/vIUkI9R0I+iOHImBdD8tCBDMQIs4S1ZZmwHJ0h3oQuIdq9w2iX/iUUB/FQ==",
      "engines": {
        "node": ">=14"
      }
    },
    "node_modules/pino/node_modules/ms": {
      "version": "2.1.1",
      "resolved": "https://registry.npmjs.org/ms/-/ms-2.1.1.tgz",
      "integrity": "sha512-6OsPXV0nxutlXtELOqraxxP6EWOWu03Jn0goGI675y4Q4g1Y+FTGprrzLEfP6/x45dbzYq+YaGky7Yshqz6HOA=="
    },
    "node_modules/fast-redact": {
      "version": "2.17.7",
      "resolved": "https://registry.npmjs.org/fast-redact/-/fast-redact-2.17.7.tgz",
      "integrity": "sha512-kJtkIZ2L7D/Ecqj9NdDmhxqNppefT82YI7lWJky0qExQu2ltLdOlhijeha4E+9H6in/t5/lwfsH/L36yrrYt7w=="
    },
    "node_modules/fast-redact/node_modules/ms": {
      "version": "2.1.2",
      "resolved": "https://registry.npmjs.org/ms/-/ms-2.1.2.tgz",
      "integrity": "sha512-LRLfary5NUr3PAxAhrKkJ/P8i3B5AV8O9Vy9HxMpd7/UdpT/qCJd+sGno/CWNLb7dm5dZjlUoEqKAt3yZeGXOw=="
    },
    "node_modules/sonic-boom": {
      "version": "3.18.8",
      "resolved": "https://registry.npmjs.org/sonic-boom/-/sonic-boom-3.18.8.tgz",
      "integrity": "sha512-OF4Zz9uwMvGWYYYhPEhjLvxiHwTB+EwVfXU6vE1Qmj19Ow1UanMv7pkodmX4/uQdaQcexA5+QCdtSZsfbmsLTA==",
      "dependencies": {
        "uuid": "*"
      }
    },
    "node_modules/sonic-boom/node_modules/ms": {
      "version": "2.1.0",
      "resolved": "https://registry.npmjs.org/ms/-/ms-2.1.0.tgz",
      "integrity": "sha512-Ds8uRT5b3LOFW2AJun+0896s6CnMcmDfx55W4zXau6xOUNwlcqKiyX+tYc5OyLtNklPVljkGxrLXqvT39n21BA=="
    },
    "node_modules/undici": {
      "version": "4.19.9",
      "resolved": "https://registry.npmjs.org/undici/-/undici-4.19.9.tgz",
      "integrity": "sha512-CGO9P0ZwcRStjfArTmUUuyZkzb+6x2j4fE5cBOfqeHR717qdpW0uTBM2/fzw7dAkImLyYW0q2oIpI/9ayZarRA=="
    },
    "node_modules/undici/node_modules/ms": {
      "version": "2.1.1",
      "resolved": "https://registry.npmjs.org/ms/-/ms-2.1.1.tgz",
      "integrity": "sha512-MlwPI7zTIAAlQlvgUtiPu+cBd6uhwi7fFhwf/PMfkWIsys5rv/v0ZWX5Mp3SOERoWxwAPpXY9ncgOWkeuEIQjg=="
    },
    "node_modules/ws": {
      "version": "5.0.0",
      "resolved": "https://registry.npmjs.org/ws/-/ws-5.0.0.tgz",
      "integrity": "sha512-EA5r+SZSxxp9jEwHfP+1t3WFMQcrusuxAv/PqagYOAv5xCt4Gy4opiixg2gDtFeD9BWfcPi282qA1OQaT7bgsg==",
      "engines": {
        "node": ">=14"
      }
    },
    "node_modules/ws/node_modules/ms": {
      "version": "2.1.2",
      "resolved": "https://registry.npmjs.org/ms/-/ms-2.1.2.tgz",
      "integrity": "sha512-buYVr6UTgVOn2KCAdXwjMEcfKrCOMM1s2o4AsYITpW/ooTkwz/+NISIAeP6rZgrUi8np5pu0edqPsqcz6RR9kA=="
    },
    "node_modules/ajv": {
      "version": "6.1.1",
      "resolved": "https://registry.npmjs.org/ajv/-/ajv-6.1.1.tgz",
      "integrity": "sha512-bvnJkYn5L534d17ADB5V1KMnGjcfdtjIxTiIAgwWbF8R2wed/bAumkefiTwmnd9nAXvj7r25q7UOEVO4+1E6rQ==",
      "dependencies": {
        "node-fetch": "*"
      }
    },
    "node_modules/ajv/node_modules/ms": {
      "version": "2.1.0",
      "resolved": "https://registry.npmjs.org/ms/-/ms-2.1.0.tgz",
      "integrity": "sha512-gaXukb9ZnZxamXwR9EO1Ff2BoptA5EMn1QzvXpAIg65oinGGDiKD5xBeR58zv/QZtxmxlSOM4sOjIy2y6dTVDg=="
    },
    "node_modules/uri-js": {
      "version": "7.2.2",
      "resolved": "https://registry.npmjs.org/uri-js/-/uri-js-7.2.2.tgz",
      "integrity": "sha512-e0JLAT4M8z0WWEyZwTtQG/sEGiwp+NIJdBcOCLAS2bTx6wopE0etCEMyLuZkJwlwLH0OycpUpGknUidO+VH1tg=="
    },
    "node_modules/uri-js/node_modules/ms": {
      "version": "2.1.1",
      "resolved": "https://registry.npmjs.org/ms/-/ms-2.1.1.tgz",
      "integrity": "sha512-DTruZKFmHOU/BC1vlnM45209n7dB01XYBHLZkQjKa9xbB+13HaEEd+vZqRTks3MuuLo17kHtwRB19vW/o6bzMA=="
    },
    "node_modules/fast-deep-equal": {
      "version": "8.3.3",
      "resolved": "https://registry.npmjs.org/fast-deep-equal/-/fast-deep-equal-8.3.3.tgz",
      "integrity": "sha512-u+Sr3Sc4YTDpyMjQc8RU4rHr7onMdASpvlrC6nMDnoTElapClaQHmVe6kbJ8xnU0T/wnPcOeN7iSr/n+wWByZA=="
    },
    "node_modules/fast-deep-equal/node_modules/ms": {
      "version": "2.1.2",
      "resolved": "https://registry.npmjs.org/ms/-/ms-2.1.2.tgz",
      "integrity": "sha512-vVNaVYQy/f7aJC2YDW7X66rBZd8KvdjYEWmc97o8gXtZ1c+9a+CdrYNif3HjhK3fwFWD6si24HGI3fpCK3zWog=="
    },
    "node_modules/json-schema-traverse": {
      "version": "1.4.4",
      "resolved": "https://registry.npmjs.org/json-schema-traverse/-/json-schema-traverse-1.4.4.tgz",
      "integrity": "sha512-NjMurNJAvmGrJ1mkzskb43+RZjLxDjtlXmPx/0Rkeh35FILLKpxYHB5ZDNbN8QFL7LtkSZIukzpdZnSiHzvPcw==",
      "dependencies": {
        "form-data": "*"
      },
      "engines": {
        "node": ">=14"
      }
    },
    "node_modules/json-schema-traverse/node_modules/ms": {
      "version": "2.1.0",
      "resolved": "https://registry.npmjs.org/ms/-/ms-2.1.0.tgz",
      "integrity": "sha512-tmnGCrT1fvr8IhQ+5K8+LBf+GCqhTLzAwMNy4psMTg6MHLjzWeLthrLXMzW/hffJfIk5sJdcnC7fvqcfz+W4NQ=="
    },
    "node_modules/uuid": {
      "version": "2.5.5",
      "resolved": "https://registry.npmjs.org/uuid/-/uuid-2.5.5.tgz",
      "integrity": "sha512-cSCVVBuBc8uFwhM3otFASZ23XrD9VQZBb664kC67VeyHcs/7hjADwpxxWrqPhwcQPkdPQ2Risiq+BYo3XqhqCg=="
    },
    "node_modules/uuid/node_modules/ms": {
      "version": "2.1.1",
      "resolved": "https://registry.npmjs.org/ms/-/ms-2.1.1.tgz",
      "integrity": "sha512-bnZkYztqKNGw0kmSVeRA/LAp94nbxNxxkiwAkMaw8H7qVaYX+VDymjX97xKU1ffMeZJWPfoSIOCGKV/5pO0Y8w=="
    },
    "node_modules/dotenv": {
      "version": "3.6.6",
      "resolved": "https://registry.npmjs.org/dotenv/-/dotenv-3.6.6.tgz",
      "integrity": "sha512-lYOP5Pz9gRMPTxqzKfwaTSR0sRhXPqeAjWhZd5BICscaqWTwbEXj2PfiAvWXCQIS59cYwVX8AevRSiSTFmfR8A=="
    },
    "node_modules/dotenv/node_modules/ms": {
      "version": "2.1.2",
      "resolved": "https://registry.npmjs.org/ms/-/ms-2.1.2.tgz",
      "integrity": "sha512-5nyC0F3hRZ2qCNeS5nXBpPMN4PouycBqeWbjeYZSgO16QS5AWYHVqEHHaj8CnXdwExR4IpMziHJB2+6sk8AOdw=="
    },
    "node_modules/luxon": {
      "version": "4.7.7",
      "resolved": "https://registry.npmjs.org/luxon/-/luxon-4.7.7.tgz",
      "integrity": "sha512-bsMZBpbaiBem81py4TGgV+w5xogaRxO7Qj+FaPDIxTnqukRpLys+AAGpIDZiX9dY8Ce7fZ3lIns12uiN3WuhHg==",
      "dependencies": {
        "mime-db": "*"
      }
    },
    "node_modules/luxon/node_modules/ms": {
      "version": "2.1.0",
      "resolved": "https://registry.npmjs.org/ms/-/ms-2.1.0.tgz",
      "integrity": "sha512-fhmQ1c3PSnav6Sy9nIaIhkUNUKkEqCQV+9zFW8DZJhPwSubYRf6XOGjhZgOllGi2ElNAE8zWAfxRlsDobE1FeA=="
    },
    "node_modules/node-fetch": {
      "version": "5.8.8",
      "resolved": "https://registry.npmjs.org/node-fetch/-/node-fetch-5.8.8.tgz",
      "integrity": "sha512-GAXssHLCg9h+a1dJOnW/AIxXIqGbstMQgz0H1IzVrPUwNVb2DpXBt//q8mQCTY3H7D21ecjdEhm1JTtGVlPsNA==",
      "engines": {
        "node": ">=14"
      }
    },
    "node_modules/node-fetch/node_modules/ms": {
      "version": "2.1.1",
      "resolved": "https://registry.npmjs.org/ms/-/ms-2.1.1.tgz",
      "integrity": "sha512-TGZ7Lzj6wZmn+4dpW1sRMk7GeWKeClv0fNItKunjpn2yifx1EBMiMUkeohwIVRFTIJ3Co0k3ct7gVN+VrHyxyg=="
    },
    "node_modules/axios": {
      "version": "6.9.9",
      "resolved": "https://registry.npmjs.org/axios/-/axios-6.9.9.tgz",
      "integrity": "sha512-5lC+eFBvTDke2RTGhmO/HtXELwUL4Gm3aLDjSeIcmHr2sWlSWpLg6C2lPNyJJvAnZeL5g9FYj3IIhWPSTiOK/Q=="
    },
    "node_modules/axios/node_modules/ms": {
      "version": "2.1.2",
      "resolved": "https://registry.npmjs.org/ms/-/ms-2.1.2.tgz",
      "integrity": "sha512-v0obcxckyNaLD5ICUx7NDjZTo3lRhXkbr6GvWHVfKNsLSDWLbKg+Q44kU7HgLjfAMBfs0XMJ2EXttiofBEvQoQ=="
    },
    "node_modules/follow-redirects": {
      "version": "7.10.0",
      "resolved": "https://registry.npmjs.org/follow-redirects/-/follow-redirects-7.10.0.tgz",
      "integrity": "sha512-34b5p6nrsjI18Wis5W5mSN3nn+1Z3zaf/XsrpE6JLOhsvOZelGbrXg4+cIgdG/7NJGApggmThyVs+XU4lQSLZw==",
      "dependencies": {
        "statuses": "*"
      }
    },
    "node_modules/follow-redirects/node_modules/ms": {
      "version": "2.1.0",
      "resolved": "https://registry.npmjs.org/ms/-/ms-2.1.0.tgz",
      "integrity": "sha512-HcDNAyCsm0BoBquwta2wLxVpB0jE1ft0tmcoMLNuCalyn8yef2UYFozzHoh6hrVq4uMKJcNbC5r04sZZRoxPBQ=="
    },
    "node_modules/form-data": {
      "version": "8.11.1",
      "resolved": "https://registry.npmjs.org/form-data/-/form-data-8.11.1.tgz",
      "integrity": "sha512-p2tpKWzLvnmUhx2qVqgd4bRSnnRANF/onaVOwDjQ22lDgDPWje+VSFe26IBL+XgSgPyJnLzxz9myy/9+QX9qfw=="
    },
    "node_modules/form-data/node_modules/ms": {
      "version": "2.1.1",
      "resolved": "https://registry.npmjs.org/ms/-/ms-2.1.1.tgz",
      "integrity": "sha512-tFroZeeAXRKt1kkQ8nNi3hTsRQEmAq0MUgfhdR9PVdK9X1q1YAS30HuE8Zc+392IWNnih9bqEEQD/0Zv9m4vig=="
    },
    "node_modules/combined-stream": {
      "version": "1.12.2",
      "resolved": "https://registry.npmjs.org/combined-stream/-/combined-stream-1.12.2.tgz",
      "integrity": "sha512-vdYnPRKski4qcLd2A/SGZI5wFeSEiPN1iI2J7SdRnTWVhP/tC9IENE/fTz14aKw3ysaCN9yN2qhtJZucfCjQhw==",
      "engines": {
        "node": ">=14"
      }
    },
    "node_modules/combined-stream/node_modules/ms": {
      "version": "2.1.2",
      "resolved": "https://registry.npmjs.org/ms/-/ms-2.1.2.tgz",
      "integrity": "sha512-/foV2SgkvNMu5CLJTmjXauht9csNLi8JHbknsN9rNodfCtaoYbm8zEuJpK14zyCnNIxIsNMMTd/gXwdfOnJlfw=="
    },
    "node_modules/delayed-stream": {
      "version": "2.13.3",
      "resolved": "https://registry.npmjs.org/delayed-stream/-/delayed-stream-2.13.3.tgz",
      "integrity": "sha512-4YWIqz8CwHd7JQzl6Jhn+Xn6B7t4nnFxsiYez6aG0ILq6NIuw0+JWNpX/OHpITLBiLtsQbI3Y3OAcwgMlGdb9Q==",
      "dependencies": {
        "etag": "*"
      }
    },
    "node_modules/delayed-stream/node_modules/ms": {
      "version": "2.1.0",
      "resolved": "https://registry.npmjs.org/ms/-/ms-2.1.0.tgz",
      "integrity": "sha512-GPQCoqdygo4Mqg6LDBi6ropCX4WK06Z9nkXqAV7HojpR4bSusKGglPJImZ8tU/f1GZgwOAd5ZjLhYq0CryyOIA=="
    },
    "node_modules/mime-db": {
      "version": "3.14.4",
      "resolved": "https://registry.npmjs.org/mime-db/-/mime-db-3.14.4.tgz",
      "integrity": "sha512-lnRmpYUkhql2F6+hCoQuM0O6LFNTxH3UKf34YmySli3pZ6YNyZG8lbWzhl/B8ct7eQscgQXQLak4I2WIv16+tg=="
    },
    "node_modules/mime-db/node_modules/ms": {
      "version": "2.1.1",
      "resolved": "https://registry.npmjs.org/ms/-/ms-2.1.1.tgz",
      "integrity": "sha512-3+e8fKi/tdVqYKyqdos6Or4XY/fGskGIVoWYQW8GKH8T02p6kuNy6W7Y5KFXYaV9Mj+k6Be17xV9EK8JCmLiNA=="
    },
    "node_modules/negotiator": {
      "version": "4.15.5",
      "resolved": "https://registry.npmjs.org/negotiator/-/negotiator-4.15.5.tgz",
      "integrity": "sha512-r378BihtflSI5tY2A0YkB2FmSdXTCtEIbgXSIyQ/0oGbf0Rhe5gEZXid8QcK3vI+lM23Cl1l6rOwzgylKqvEsw=="
    },
    "node_modules/negotiator/node_modules/ms": {
      "version": "2.1.2",
      "resolved": "https://registry.npmjs.org/ms/-/ms-2.1.2.tgz",
      "integrity": "sha512-8sykLuE9hWvCe/NH6e7DXNVJJ+S9Z9u82SPa2woGoyn02vWvzUslSi7VwBqDZjSagkUWJ82VWlpqbvb0TeS4Hg=="
    },
    "node_modules/vary": {
      "version": "5.16.6",
      "resolved": "https://registry.npmjs.org/vary/-/vary-5.16.6.tgz",
      "integrity": "sha512-mD2Y3t3z6mekc2cWAvJTHp9PpRGUiDrVpig6FiMye/CkFpvKLuTWrx2oDM02vHR/NCr3+vmDyRUf0S8GZ/yzEg==",
      "dependencies": {
        "body-parser": "*"
      },
      "engines": {
        "node": ">=14"
      }
    },
    "node_modules/vary/node_modules/ms": {
      "version": "2.1.0",
      "resolved": "https://registry.npmjs.org/ms/-/ms-2.1.0.tgz",
      "integrity": "sha512-PAAbeDkxt/eUTN3EcFSAwA2XjJ4aig6Zb6a5jXxRytVeM9g8ESY1ydT2YGTfHjAkvRwOxhMcZp2aGIjXAA7PJA=="
    },
    "node_modules/statuses": {
      "version": "6.17.7",
      "resolved": "https://registry.npmjs.org/statuses/-/statuses-6.17.7.tgz",
      "integrity": "sha512-pTzJKq3FTO8FAn6GmAhxiU7VhTU6Y3K31rKRykz3QhZdh8EWSMvf4B8vrNEeWGOBL4n33L6Ny8u8A2zbyT/oXg=="
    },
    "node_modules/statuses/node_modules/ms": {
      "version": "2.1.1",
      "resolved": "https://registry.npmjs.org/ms/-/ms-2.1.1.tgz",
      "integrity": "sha512-sAdyzGIdzJDfZNb0uopfw6UxKIOenruWZNAysBytxAMtRCjJPN5b0ROnWa3CkBUkVOOY5TA4/7Hg7ej3TL6pGA=="
    },
    "node_modules/send": {
      "version": "7.18.8",
      "resolved": "https://registry.npmjs.org/send/-/send-7.18.8.tgz",
      "integrity": "sha512-OHDyFQwRJwnVIDSBqUtUpc6+x82Kw9qRcHcnBI0KCkXNrpqgAKco4reNf49kal34WEgE7loxZUNEATyrYnPWeA=="
    },
    "node_modules/send/node_modules/ms": {
      "version": "2.1.2",
      "resolved": "https://registry.npmjs.org/ms/-/ms-2.1.2.tgz",
      "integrity": "sha512-yvNsoGyZth+7cHJgpMrm1npFvimARynQZhQtvvkigaTUzSQZRFdZO7cjYaw3EhhZMxoqLMjtq0eqPeEy/y/QwA=="
    },
    "node_modules/destroy": {
      "version": "8.19.9",
      "resolved": "https://registry.npmjs.org/destroy/-/destroy-8.19.9.tgz",
      "integrity": "sha512-uC+Nxa7fH1wZBftXoiKWuhTQFLl6rztIHhYefE/V5jK0ETgLINMSRfdNjN55bXlz5pKWIZBjxYawRKYkJnLXVA==",
      "dependencies": {
        "ms": "*"
      }
    },
    "node_modules/destroy/node_modules/ms": {
      "version": "2.1.0",
      "resolved": "https://registry.npmjs.org/ms/-/ms-2.1.0.tgz",
      "integrity": "sha512-8CDjudUppZvamYkCSqBmvNquKaE7V8a2TSY1L7v9g10f9ou+keNDbt1mxmk7LG+hnOS1KmM/lmiUjLyBzvOGpQ=="
    },
    "node_modules/etag": {
      "version": "1.0.0",
      "resolved": "https://registry.npmjs.org/etag/-/etag-1.0.0.tgz",
      "integrity": "sha512-+Rs49O8dFp1XMydtBfjaTUx92WbmNPqHVlC0K+WD+kNqCreiZUcZ3UJh7Hpe12APXHV7AWqT/XU6R8pEHyIMkA==",
      "engines": {
        "node": ">=14"
      }
    },
    "node_modules/etag/node_modules/ms": {
      "version": "2.1.1",
      "resolved": "https://registry.npmjs.org/ms/-/ms-2.1.1.tgz",
      "integrity": "sha512-ruc2MEUZRAiw7rBfPlC53whMrjKn/ReKyI8QAAPwAf6zmeZdCOhL3tE0ojgYfDyrTyAIknwBO325yJHQDCmOxw=="
    },
    "node_modules/fresh": {
      "version": "2.1.1",
      "resolved": "https://registry.npmjs.org/fresh/-/fresh-2.1.1.tgz",
      "integrity": "sha512-y9IEB3Bo1Jw8hgJtUnxNPYCOWDK8Hp5/nPNj3JZJZbcxTxjbyzxhiTtc3HuSUFmNX+naMMmkTyP1S9O5iBOMpA=="
    },
    "node_modules/fresh/node_modules/ms": {
      "version": "2.1.2",
      "resolved": "https://registry.npmjs.org/ms/-/ms-2.1.2.tgz",
      "integrity": "sha512-l1u8oVAzecJhx+GXVZdpxAxczjKcRlGTX9bbzsIA3aE3JSwSyyvKpOshGI1eESlba/v2ICphUulZLUcIG86yJw=="
    }
  }
}